
Microsoft Visual Studio Solution File, Format Version 12.00
# Visual Studio Version 16
VisualStudioVersion = 16.0.28803.352
MinimumVisualStudioVersion = 10.0.40219.1
Project("{FAE04EC0-301F-11D3-BF4B-00C04F79EFBC}") = "TotusTuus.Web", "TotusTuus.Web\TotusTuus.Web.csproj", "{D12431FC-1C8A-4A63-984E-07400BAF3131}"
EndProject
Project("{FAE04EC0-301F-11D3-BF4B-00C04F79EFBC}") = "TotusTuus.Data", "TotusTuus.Data\TotusTuus.Data.csproj", "{E0448211-3271-41DE-8EFC-6B7B5681AE79}"
EndProject
Project("{FAE04EC0-301F-11D3-BF4B-00C04F79EFBC}") = "TotusTuus.Services", "TotusTuus.Services\TotusTuus.Services.csproj", "{42BB8C78-7871-44CA-A74F-02D4A367732F}"
EndProject
Project("{FAE04EC0-301F-11D3-BF4B-00C04F79EFBC}") = "TotusTuus.Contracts", "TotusTuus.Contracts\TotusTuus.Contracts.csproj", "{41A2C899-1632-4467-9DB1-691EC746293B}"
EndProject
Project("{FAE04EC0-301F-11D3-BF4B-00C04F79EFBC}") = "TotusTuus.Models", "TotusTuus.Models\TotusTuus.Models.csproj", "{AFDA4676-C422-4AF0-9EC0-F7604F087A34}"
EndProject
Project("{FAE04EC0-301F-11D3-BF4B-00C04F79EFBC}") = "TotusTuus.Extensions", "TotusTuus.Extensions\TotusTuus.Extensions.csproj", "{35603F69-4E20-47EB-B9A7-DD393C5F9E52}"
EndProject
Global
	GlobalSection(SolutionConfigurationPlatforms) = preSolution
		Debug|Any CPU = Debug|Any CPU
		Release|Any CPU = Release|Any CPU
	EndGlobalSection
	GlobalSection(ProjectConfigurationPlatforms) = postSolution
		{D12431FC-1C8A-4A63-984E-07400BAF3131}.Debug|Any CPU.ActiveCfg = Debug|Any CPU
		{D12431FC-1C8A-4A63-984E-07400BAF3131}.Debug|Any CPU.Build.0 = Debug|Any CPU
		{D12431FC-1C8A-4A63-984E-07400BAF3131}.Release|Any CPU.ActiveCfg = Release|Any CPU
		{D12431FC-1C8A-4A63-984E-07400BAF3131}.Release|Any CPU.Build.0 = Release|Any CPU
		{E0448211-3271-41DE-8EFC-6B7B5681AE79}.Debug|Any CPU.ActiveCfg = Debug|Any CPU
		{E0448211-3271-41DE-8EFC-6B7B5681AE79}.Debug|Any CPU.Build.0 = Debug|Any CPU
		{E0448211-3271-41DE-8EFC-6B7B5681AE79}.Release|Any CPU.ActiveCfg = Release|Any CPU
		{E0448211-3271-41DE-8EFC-6B7B5681AE79}.Release|Any CPU.Build.0 = Release|Any CPU
		{42BB8C78-7871-44CA-A74F-02D4A367732F}.Debug|Any CPU.ActiveCfg = Debug|Any CPU
		{42BB8C78-7871-44CA-A74F-02D4A367732F}.Debug|Any CPU.Build.0 = Debug|Any CPU
		{42BB8C78-7871-44CA-A74F-02D4A367732F}.Release|Any CPU.ActiveCfg = Release|Any CPU
		{42BB8C78-7871-44CA-A74F-02D4A367732F}.Release|Any CPU.Build.0 = Release|Any CPU
		{41A2C899-1632-4467-9DB1-691EC746293B}.Debug|Any CPU.ActiveCfg = Debug|Any CPU
		{41A2C899-1632-4467-9DB1-691EC746293B}.Debug|Any CPU.Build.0 = Debug|Any CPU
		{41A2C899-1632-4467-9DB1-691EC746293B}.Release|Any CPU.ActiveCfg = Release|Any CPU
		{41A2C899-1632-4467-9DB1-691EC746293B}.Release|Any CPU.Build.0 = Release|Any CPU
		{AFDA4676-C422-4AF0-9EC0-F7604F087A34}.Debug|Any CPU.ActiveCfg = Debug|Any CPU
		{AFDA4676-C422-4AF0-9EC0-F7604F087A34}.Debug|Any CPU.Build.0 = Debug|Any CPU
		{AFDA4676-C422-4AF0-9EC0-F7604F087A34}.Release|Any CPU.ActiveCfg = Release|Any CPU
		{AFDA4676-C422-4AF0-9EC0-F7604F087A34}.Release|Any CPU.Build.0 = Release|Any CPU
		{35603F69-4E20-47EB-B9A7-DD393C5F9E52}.Debug|Any CPU.ActiveCfg = Debug|Any CPU
		{35603F69-4E20-47EB-B9A7-DD393C5F9E52}.Debug|Any CPU.Build.0 = Debug|Any CPU
		{35603F69-4E20-47EB-B9A7-DD393C5F9E52}.Release|Any CPU.ActiveCfg = Release|Any CPU
		{35603F69-4E20-47EB-B9A7-DD393C5F9E52}.Release|Any CPU.Build.0 = Release|Any CPU
	EndGlobalSection
	GlobalSection(SolutionProperties) = preSolution
		HideSolutionNode = FALSE
	EndGlobalSection
	GlobalSection(ExtensibilityGlobals) = postSolution
		SolutionGuid = {53FED656-3B52-48CA-B08C-BFCD3CD9B46B}
	EndGlobalSection
EndGlobal
